
Microsoft Visual Studio Solution File, Format Version 12.00
# Visual Studio Version 17
VisualStudioVersion = 17.8.34330.188
MinimumVisualStudioVersion = 10.0.40219.1
Project("{FAE04EC0-301F-11D3-BF4B-00C04F79EFBC}") = "7", "7.csproj", "{BEEA66B1-C7EA-4898-ADFF-46AC1459433C}"
EndProject
Global
	GlobalSection(SolutionConfigurationPlatforms) = preSolution
		Debug|Any CPU = Debug|Any CPU
		Release|Any CPU = Release|Any CPU
	EndGlobalSection
	GlobalSection(ProjectConfigurationPlatforms) = postSolution
		{BEEA66B1-C7EA-4898-ADFF-46AC1459433C}.Debug|Any CPU.ActiveCfg = Debug|Any CPU
		{BEEA66B1-C7EA-4898-ADFF-46AC1459433C}.Debug|Any CPU.Build.0 = Debug|Any CPU
		{BEEA66B1-C7EA-4898-ADFF-46AC1459433C}.Release|Any CPU.ActiveCfg = Release|Any CPU
		{BEEA66B1-C7EA-4898-ADFF-46AC1459433C}.Release|Any CPU.Build.0 = Release|Any CPU
	EndGlobalSection
	GlobalSection(SolutionProperties) = preSolution
		HideSolutionNode = FALSE
	EndGlobalSection
	GlobalSection(ExtensibilityGlobals) = postSolution
		SolutionGuid = {3C05DF2A-F88E-479A-9973-7285F56E0DBF}
	EndGlobalSection
EndGlobal
